
Microsoft Visual Studio Solution File, Format Version 12.00
# Visual Studio Version 16
VisualStudioVersion = 16.0.30907.101
MinimumVisualStudioVersion = 10.0.40219.1
Project("{FAE04EC0-301F-11D3-BF4B-00C04F79EFBC}") = "413_Assignment2_try2", "413_Assignment2_try2\413_Assignment2_try2.csproj", "{99B2A98B-8558-4506-A434-6C0EB84A6D57}"
EndProject
Global
	GlobalSection(SolutionConfigurationPlatforms) = preSolution
		Debug|Any CPU = Debug|Any CPU
		Release|Any CPU = Release|Any CPU
	EndGlobalSection
	GlobalSection(ProjectConfigurationPlatforms) = postSolution
		{99B2A98B-8558-4506-A434-6C0EB84A6D57}.Debug|Any CPU.ActiveCfg = Debug|Any CPU
		{99B2A98B-8558-4506-A434-6C0EB84A6D57}.Debug|Any CPU.Build.0 = Debug|Any CPU
		{99B2A98B-8558-4506-A434-6C0EB84A6D57}.Release|Any CPU.ActiveCfg = Release|Any CPU
		{99B2A98B-8558-4506-A434-6C0EB84A6D57}.Release|Any CPU.Build.0 = Release|Any CPU
	EndGlobalSection
	GlobalSection(SolutionProperties) = preSolution
		HideSolutionNode = FALSE
	EndGlobalSection
	GlobalSection(ExtensibilityGlobals) = postSolution
		SolutionGuid = {464FE3A5-2521-44FF-A62D-1B61017487D3}
	EndGlobalSection
EndGlobal
